
Microsoft Visual Studio Solution File, Format Version 12.00
# Visual Studio 14
VisualStudioVersion = 14.0.24720.0
MinimumVisualStudioVersion = 10.0.40219.1
Project("{FAE04EC0-301F-11D3-BF4B-00C04F79EFBC}") = "WinBlocks", "WinBlocks\WinBlocks.csproj", "{8EBC38B1-D7CE-4DE5-9C20-CA6BAA1C3E6C}"
EndProject
Project("{FAE04EC0-301F-11D3-BF4B-00C04F79EFBC}") = "WinBlocks.Tests", "WinBlocks.Tests\WinBlocks.Tests.csproj", "{949BA2CC-D8F3-41A9-8F42-7A930DA57BCF}"
EndProject
Global
	GlobalSection(SolutionConfigurationPlatforms) = preSolution
		Debug|Any CPU = Debug|Any CPU
		Release|Any CPU = Release|Any CPU
	EndGlobalSection
	GlobalSection(ProjectConfigurationPlatforms) = postSolution
		{8EBC38B1-D7CE-4DE5-9C20-CA6BAA1C3E6C}.Debug|Any CPU.ActiveCfg = Debug|Any CPU
		{8EBC38B1-D7CE-4DE5-9C20-CA6BAA1C3E6C}.Debug|Any CPU.Build.0 = Debug|Any CPU
		{8EBC38B1-D7CE-4DE5-9C20-CA6BAA1C3E6C}.Release|Any CPU.ActiveCfg = Release|Any CPU
		{8EBC38B1-D7CE-4DE5-9C20-CA6BAA1C3E6C}.Release|Any CPU.Build.0 = Release|Any CPU
		{949BA2CC-D8F3-41A9-8F42-7A930DA57BCF}.Debug|Any CPU.ActiveCfg = Debug|Any CPU
		{949BA2CC-D8F3-41A9-8F42-7A930DA57BCF}.Debug|Any CPU.Build.0 = Debug|Any CPU
		{949BA2CC-D8F3-41A9-8F42-7A930DA57BCF}.Release|Any CPU.ActiveCfg = Release|Any CPU
		{949BA2CC-D8F3-41A9-8F42-7A930DA57BCF}.Release|Any CPU.Build.0 = Release|Any CPU
	EndGlobalSection
	GlobalSection(SolutionProperties) = preSolution
		HideSolutionNode = FALSE
	EndGlobalSection
EndGlobal
